
Microsoft Visual Studio Solution File, Format Version 12.00
# Visual Studio Version 17
VisualStudioVersion = 17.2.32630.192
MinimumVisualStudioVersion = 15.0.26124.0
Project("{9A19103F-16F7-4668-BE54-9A1E7A4F7556}") = "HospiEnCasa.App.Dominio", "HospiEnCasa.App.Dominio\HospiEnCasa.App.Dominio.csproj", "{B4385DF8-0827-4601-8F52-32AD989E168E}"
EndProject
Project("{9A19103F-16F7-4668-BE54-9A1E7A4F7556}") = "HospiEnCasa.App.Persistencia", "HospiEnCasa.App.Persistencia\HospiEnCasa.App.Persistencia.csproj", "{C8CA245A-69B0-4D82-8AAA-B4FE8C3D1DA8}"
EndProject
Project("{9A19103F-16F7-4668-BE54-9A1E7A4F7556}") = "HospiEnCasa.App.Presentacion", "HospiEnCasa.App.Presentacion\HospiEnCasa.App.Presentacion.csproj", "{FA1E3C26-93E6-4559-8348-187707C6FB52}"
EndProject
Global
	GlobalSection(SolutionConfigurationPlatforms) = preSolution
		Debug|Any CPU = Debug|Any CPU
		Debug|x64 = Debug|x64
		Debug|x86 = Debug|x86
		Release|Any CPU = Release|Any CPU
		Release|x64 = Release|x64
		Release|x86 = Release|x86
	EndGlobalSection
	GlobalSection(ProjectConfigurationPlatforms) = postSolution
		{B4385DF8-0827-4601-8F52-32AD989E168E}.Debug|Any CPU.ActiveCfg = Debug|Any CPU
		{B4385DF8-0827-4601-8F52-32AD989E168E}.Debug|Any CPU.Build.0 = Debug|Any CPU
		{B4385DF8-0827-4601-8F52-32AD989E168E}.Debug|x64.ActiveCfg = Debug|Any CPU
		{B4385DF8-0827-4601-8F52-32AD989E168E}.Debug|x64.Build.0 = Debug|Any CPU
		{B4385DF8-0827-4601-8F52-32AD989E168E}.Debug|x86.ActiveCfg = Debug|Any CPU
		{B4385DF8-0827-4601-8F52-32AD989E168E}.Debug|x86.Build.0 = Debug|Any CPU
		{B4385DF8-0827-4601-8F52-32AD989E168E}.Release|Any CPU.ActiveCfg = Release|Any CPU
		{B4385DF8-0827-4601-8F52-32AD989E168E}.Release|Any CPU.Build.0 = Release|Any CPU
		{B4385DF8-0827-4601-8F52-32AD989E168E}.Release|x64.ActiveCfg = Release|Any CPU
		{B4385DF8-0827-4601-8F52-32AD989E168E}.Release|x64.Build.0 = Release|Any CPU
		{B4385DF8-0827-4601-8F52-32AD989E168E}.Release|x86.ActiveCfg = Release|Any CPU
		{B4385DF8-0827-4601-8F52-32AD989E168E}.Release|x86.Build.0 = Release|Any CPU
		{C8CA245A-69B0-4D82-8AAA-B4FE8C3D1DA8}.Debug|Any CPU.ActiveCfg = Debug|Any CPU
		{C8CA245A-69B0-4D82-8AAA-B4FE8C3D1DA8}.Debug|Any CPU.Build.0 = Debug|Any CPU
		{C8CA245A-69B0-4D82-8AAA-B4FE8C3D1DA8}.Debug|x64.ActiveCfg = Debug|Any CPU
		{C8CA245A-69B0-4D82-8AAA-B4FE8C3D1DA8}.Debug|x64.Build.0 = Debug|Any CPU
		{C8CA245A-69B0-4D82-8AAA-B4FE8C3D1DA8}.Debug|x86.ActiveCfg = Debug|Any CPU
		{C8CA245A-69B0-4D82-8AAA-B4FE8C3D1DA8}.Debug|x86.Build.0 = Debug|Any CPU
		{C8CA245A-69B0-4D82-8AAA-B4FE8C3D1DA8}.Release|Any CPU.ActiveCfg = Release|Any CPU
		{C8CA245A-69B0-4D82-8AAA-B4FE8C3D1DA8}.Release|Any CPU.Build.0 = Release|Any CPU
		{C8CA245A-69B0-4D82-8AAA-B4FE8C3D1DA8}.Release|x64.ActiveCfg = Release|Any CPU
		{C8CA245A-69B0-4D82-8AAA-B4FE8C3D1DA8}.Release|x64.Build.0 = Release|Any CPU
		{C8CA245A-69B0-4D82-8AAA-B4FE8C3D1DA8}.Release|x86.ActiveCfg = Release|Any CPU
		{C8CA245A-69B0-4D82-8AAA-B4FE8C3D1DA8}.Release|x86.Build.0 = Release|Any CPU
		{FA1E3C26-93E6-4559-8348-187707C6FB52}.Debug|Any CPU.ActiveCfg = Debug|Any CPU
		{FA1E3C26-93E6-4559-8348-187707C6FB52}.Debug|Any CPU.Build.0 = Debug|Any CPU
		{FA1E3C26-93E6-4559-8348-187707C6FB52}.Debug|x64.ActiveCfg = Debug|Any CPU
		{FA1E3C26-93E6-4559-8348-187707C6FB52}.Debug|x64.Build.0 = Debug|Any CPU
		{FA1E3C26-93E6-4559-8348-187707C6FB52}.Debug|x86.ActiveCfg = Debug|Any CPU
		{FA1E3C26-93E6-4559-8348-187707C6FB52}.Debug|x86.Build.0 = Debug|Any CPU
		{FA1E3C26-93E6-4559-8348-187707C6FB52}.Release|Any CPU.ActiveCfg = Release|Any CPU
		{FA1E3C26-93E6-4559-8348-187707C6FB52}.Release|Any CPU.Build.0 = Release|Any CPU
		{FA1E3C26-93E6-4559-8348-187707C6FB52}.Release|x64.ActiveCfg = Release|Any CPU
		{FA1E3C26-93E6-4559-8348-187707C6FB52}.Release|x64.Build.0 = Release|Any CPU
		{FA1E3C26-93E6-4559-8348-187707C6FB52}.Release|x86.ActiveCfg = Release|Any CPU
		{FA1E3C26-93E6-4559-8348-187707C6FB52}.Release|x86.Build.0 = Release|Any CPU
	EndGlobalSection
	GlobalSection(SolutionProperties) = preSolution
		HideSolutionNode = FALSE
	EndGlobalSection
	GlobalSection(ExtensibilityGlobals) = postSolution
		SolutionGuid = {93B66D40-5FCB-4FD6-86FA-C06C51253714}
	EndGlobalSection
EndGlobal
